PODS:
  - GoogleMaps (3.0.3):
    - GoogleMaps/Maps (= 3.0.3)
  - GoogleMaps/Base (3.0.3)
  - GoogleMaps/Maps (3.0.3):
    - GoogleMaps/Base
  - R.swift (5.0.3):
    - R.swift.Library (~> 5.0.0)
  - R.swift.Library (5.0.1)

DEPENDENCIES:
  - GoogleMaps
  - R.swift

SPEC REPOS:
  https://github.com/cocoapods/specs.git:
    - GoogleMaps
    - R.swift
    - R.swift.Library

SPEC CHECKSUMS:
  GoogleMaps: fd5c9fa58871781b9fb94d4936f19c69fe60ce32
  R.swift: f5a87643b91ea569d23d6afb3eee9c743edde239
  R.swift.Library: cfe85d569d9bae6cb262922db130e7c3a7a5fad1

PODFILE CHECKSUM: 08b8bcd3ee372ddac7da3cf6bd535dadcd622e8e

COCOAPODS: 1.5.3
